
Microsoft Visual Studio Solution File, Format Version 12.00
# Visual Studio Version 17
VisualStudioVersion = 17.5.33414.496
MinimumVisualStudioVersion = 10.0.40219.1
Project("{FAE04EC0-301F-11D3-BF4B-00C04F79EFBC}") = "API", "API\API.csproj", "{B8E2C06E-7670-4156-BA74-E043EAD33881}"
EndProject
Project("{FAE04EC0-301F-11D3-BF4B-00C04F79EFBC}") = "Logic", "Logic\Logic.csproj", "{B26AC885-C76A-44B8-9911-9E210B04F526}"
EndProject
Project("{FAE04EC0-301F-11D3-BF4B-00C04F79EFBC}") = "DAL", "DAL\DAL.csproj", "{08B59F68-F380-4291-B45F-767B1F62257A}"
EndProject
Project("{FAE04EC0-301F-11D3-BF4B-00C04F79EFBC}") = "UnitTests", "UnitTests\UnitTests.csproj", "{9B50CC40-236A-4A80-A9E0-3F2A2A2ABBA9}"
EndProject
Project("{FAE04EC0-301F-11D3-BF4B-00C04F79EFBC}") = "IntegrationTests", "IntegrationTests\IntegrationTests.csproj", "{E8287652-4418-4043-8B60-E5E0621C22D5}"
EndProject
Global
	GlobalSection(SolutionConfigurationPlatforms) = preSolution
		Debug|Any CPU = Debug|Any CPU
		Release|Any CPU = Release|Any CPU
	EndGlobalSection
	GlobalSection(ProjectConfigurationPlatforms) = postSolution
		{B8E2C06E-7670-4156-BA74-E043EAD33881}.Debug|Any CPU.ActiveCfg = Debug|Any CPU
		{B8E2C06E-7670-4156-BA74-E043EAD33881}.Debug|Any CPU.Build.0 = Debug|Any CPU
		{B8E2C06E-7670-4156-BA74-E043EAD33881}.Release|Any CPU.ActiveCfg = Release|Any CPU
		{B8E2C06E-7670-4156-BA74-E043EAD33881}.Release|Any CPU.Build.0 = Release|Any CPU
		{B26AC885-C76A-44B8-9911-9E210B04F526}.Debug|Any CPU.ActiveCfg = Debug|Any CPU
		{B26AC885-C76A-44B8-9911-9E210B04F526}.Debug|Any CPU.Build.0 = Debug|Any CPU
		{B26AC885-C76A-44B8-9911-9E210B04F526}.Release|Any CPU.ActiveCfg = Release|Any CPU
		{B26AC885-C76A-44B8-9911-9E210B04F526}.Release|Any CPU.Build.0 = Release|Any CPU
		{08B59F68-F380-4291-B45F-767B1F62257A}.Debug|Any CPU.ActiveCfg = Debug|Any CPU
		{08B59F68-F380-4291-B45F-767B1F62257A}.Debug|Any CPU.Build.0 = Debug|Any CPU
		{08B59F68-F380-4291-B45F-767B1F62257A}.Release|Any CPU.ActiveCfg = Release|Any CPU
		{08B59F68-F380-4291-B45F-767B1F62257A}.Release|Any CPU.Build.0 = Release|Any CPU
		{9B50CC40-236A-4A80-A9E0-3F2A2A2ABBA9}.Debug|Any CPU.ActiveCfg = Debug|Any CPU
		{9B50CC40-236A-4A80-A9E0-3F2A2A2ABBA9}.Debug|Any CPU.Build.0 = Debug|Any CPU
		{9B50CC40-236A-4A80-A9E0-3F2A2A2ABBA9}.Release|Any CPU.ActiveCfg = Release|Any CPU
		{9B50CC40-236A-4A80-A9E0-3F2A2A2ABBA9}.Release|Any CPU.Build.0 = Release|Any CPU
		{E8287652-4418-4043-8B60-E5E0621C22D5}.Debug|Any CPU.ActiveCfg = Debug|Any CPU
		{E8287652-4418-4043-8B60-E5E0621C22D5}.Debug|Any CPU.Build.0 = Debug|Any CPU
		{E8287652-4418-4043-8B60-E5E0621C22D5}.Release|Any CPU.ActiveCfg = Release|Any CPU
		{E8287652-4418-4043-8B60-E5E0621C22D5}.Release|Any CPU.Build.0 = Release|Any CPU
	EndGlobalSection
	GlobalSection(SolutionProperties) = preSolution
		HideSolutionNode = FALSE
	EndGlobalSection
	GlobalSection(ExtensibilityGlobals) = postSolution
		SolutionGuid = {65630539-FF46-4F03-BD4B-E2A61DD1E10B}
	EndGlobalSection
EndGlobal
